
Microsoft Visual Studio Solution File, Format Version 12.00
# Visual Studio Version 17
VisualStudioVersion = 17.0.31903.59
MinimumVisualStudioVersion = 10.0.40219.1
Project("{2150E333-8FDC-42A3-9474-1A3956D46DE8}") = "src", "src", "{A2D75DFD-2A07-4EAE-B76C-36AA7930F254}"
EndProject
Project("{FAE04EC0-301F-11D3-BF4B-00C04F79EFBC}") = "RST.Core", "src\RST.Core\RST.Core.csproj", "{1A9F97B0-241E-4EDD-B531-4032B4DBCA9B}"
EndProject
Project("{FAE04EC0-301F-11D3-BF4B-00C04F79EFBC}") = "RST.Engine", "src\RST.Engine\RST.Engine.csproj", "{985A96DD-DC2E-4120-9964-DAAE8E587FAF}"
EndProject
Project("{FAE04EC0-301F-11D3-BF4B-00C04F79EFBC}") = "RST.Tests", "src\RST.Tests\RST.Tests.csproj", "{F2CD4652-1C30-48D9-B1F3-FF000B19B91F}"
EndProject
Project("{FAE04EC0-301F-11D3-BF4B-00C04F79EFBC}") = "RST.UI", "src\RST.UI\RST.UI.csproj", "{1FF3BAFF-0D8A-4CCC-940C-A02540C10829}"
EndProject
Global
	GlobalSection(SolutionConfigurationPlatforms) = preSolution
		Debug R25|Any CPU = Debug R25|Any CPU
		Debug R26|Any CPU = Debug R26|Any CPU
		Debug R27|Any CPU = Debug R27|Any CPU
		Release R25|Any CPU = Release R25|Any CPU
		Release R26|Any CPU = Release R26|Any CPU
		Release R27|Any CPU = Release R27|Any CPU
	EndGlobalSection
	GlobalSection(SolutionProperties) = preSolution
		HideSolutionNode = FALSE
	EndGlobalSection
	GlobalSection(ProjectConfigurationPlatforms) = postSolution
		{1A9F97B0-241E-4EDD-B531-4032B4DBCA9B}.Debug R25|Any CPU.ActiveCfg = Debug R25|Any CPU
		{1A9F97B0-241E-4EDD-B531-4032B4DBCA9B}.Debug R25|Any CPU.Build.0 = Debug R25|Any CPU
		{1A9F97B0-241E-4EDD-B531-4032B4DBCA9B}.Debug R26|Any CPU.ActiveCfg = Debug R26|Any CPU
		{1A9F97B0-241E-4EDD-B531-4032B4DBCA9B}.Debug R26|Any CPU.Build.0 = Debug R26|Any CPU
		{1A9F97B0-241E-4EDD-B531-4032B4DBCA9B}.Debug R27|Any CPU.ActiveCfg = Debug R27|Any CPU
		{1A9F97B0-241E-4EDD-B531-4032B4DBCA9B}.Debug R27|Any CPU.Build.0 = Debug R27|Any CPU
		{1A9F97B0-241E-4EDD-B531-4032B4DBCA9B}.Release R25|Any CPU.ActiveCfg = Release R25|Any CPU
		{1A9F97B0-241E-4EDD-B531-4032B4DBCA9B}.Release R25|Any CPU.Build.0 = Release R25|Any CPU
		{1A9F97B0-241E-4EDD-B531-4032B4DBCA9B}.Release R26|Any CPU.ActiveCfg = Release R26|Any CPU
		{1A9F97B0-241E-4EDD-B531-4032B4DBCA9B}.Release R26|Any CPU.Build.0 = Release R26|Any CPU
		{1A9F97B0-241E-4EDD-B531-4032B4DBCA9B}.Release R27|Any CPU.ActiveCfg = Release R27|Any CPU
		{1A9F97B0-241E-4EDD-B531-4032B4DBCA9B}.Release R27|Any CPU.Build.0 = Release R27|Any CPU
		{985A96DD-DC2E-4120-9964-DAAE8E587FAF}.Debug R25|Any CPU.ActiveCfg = Debug R25|Any CPU
		{985A96DD-DC2E-4120-9964-DAAE8E587FAF}.Debug R25|Any CPU.Build.0 = Debug R25|Any CPU
		{985A96DD-DC2E-4120-9964-DAAE8E587FAF}.Debug R26|Any CPU.ActiveCfg = Debug R26|Any CPU
		{985A96DD-DC2E-4120-9964-DAAE8E587FAF}.Debug R26|Any CPU.Build.0 = Debug R26|Any CPU
		{985A96DD-DC2E-4120-9964-DAAE8E587FAF}.Debug R27|Any CPU.ActiveCfg = Debug R27|Any CPU
		{985A96DD-DC2E-4120-9964-DAAE8E587FAF}.Debug R27|Any CPU.Build.0 = Debug R27|Any CPU
		{985A96DD-DC2E-4120-9964-DAAE8E587FAF}.Release R25|Any CPU.ActiveCfg = Release R25|Any CPU
		{985A96DD-DC2E-4120-9964-DAAE8E587FAF}.Release R25|Any CPU.Build.0 = Release R25|Any CPU
		{985A96DD-DC2E-4120-9964-DAAE8E587FAF}.Release R26|Any CPU.ActiveCfg = Release R26|Any CPU
		{985A96DD-DC2E-4120-9964-DAAE8E587FAF}.Release R26|Any CPU.Build.0 = Release R26|Any CPU
		{985A96DD-DC2E-4120-9964-DAAE8E587FAF}.Release R27|Any CPU.ActiveCfg = Release R27|Any CPU
		{985A96DD-DC2E-4120-9964-DAAE8E587FAF}.Release R27|Any CPU.Build.0 = Release R27|Any CPU
		{F2CD4652-1C30-48D9-B1F3-FF000B19B91F}.Debug R25|Any CPU.ActiveCfg = Debug R25|Any CPU
		{F2CD4652-1C30-48D9-B1F3-FF000B19B91F}.Debug R25|Any CPU.Build.0 = Debug R25|Any CPU
		{F2CD4652-1C30-48D9-B1F3-FF000B19B91F}.Debug R26|Any CPU.ActiveCfg = Debug R26|Any CPU
		{F2CD4652-1C30-48D9-B1F3-FF000B19B91F}.Debug R26|Any CPU.Build.0 = Debug R26|Any CPU
		{F2CD4652-1C30-48D9-B1F3-FF000B19B91F}.Debug R27|Any CPU.ActiveCfg = Debug R27|Any CPU
		{F2CD4652-1C30-48D9-B1F3-FF000B19B91F}.Debug R27|Any CPU.Build.0 = Debug R27|Any CPU
		{F2CD4652-1C30-48D9-B1F3-FF000B19B91F}.Release R25|Any CPU.ActiveCfg = Release R25|Any CPU
		{F2CD4652-1C30-48D9-B1F3-FF000B19B91F}.Release R25|Any CPU.Build.0 = Release R25|Any CPU
		{F2CD4652-1C30-48D9-B1F3-FF000B19B91F}.Release R26|Any CPU.ActiveCfg = Release R26|Any CPU
		{F2CD4652-1C30-48D9-B1F3-FF000B19B91F}.Release R26|Any CPU.Build.0 = Release R26|Any CPU
		{F2CD4652-1C30-48D9-B1F3-FF000B19B91F}.Release R27|Any CPU.ActiveCfg = Release R27|Any CPU
		{F2CD4652-1C30-48D9-B1F3-FF000B19B91F}.Release R27|Any CPU.Build.0 = Release R27|Any CPU
		{1FF3BAFF-0D8A-4CCC-940C-A02540C10829}.Debug R25|Any CPU.ActiveCfg = Debug R25|Any CPU
		{1FF3BAFF-0D8A-4CCC-940C-A02540C10829}.Debug R25|Any CPU.Build.0 = Debug R25|Any CPU
		{1FF3BAFF-0D8A-4CCC-940C-A02540C10829}.Debug R26|Any CPU.ActiveCfg = Debug R26|Any CPU
		{1FF3BAFF-0D8A-4CCC-940C-A02540C10829}.Debug R26|Any CPU.Build.0 = Debug R26|Any CPU
		{1FF3BAFF-0D8A-4CCC-940C-A02540C10829}.Debug R27|Any CPU.ActiveCfg = Debug R27|Any CPU
		{1FF3BAFF-0D8A-4CCC-940C-A02540C10829}.Debug R27|Any CPU.Build.0 = Debug R27|Any CPU
		{1FF3BAFF-0D8A-4CCC-940C-A02540C10829}.Release R25|Any CPU.ActiveCfg = Release R25|Any CPU
		{1FF3BAFF-0D8A-4CCC-940C-A02540C10829}.Release R25|Any CPU.Build.0 = Release R25|Any CPU
		{1FF3BAFF-0D8A-4CCC-940C-A02540C10829}.Release R26|Any CPU.ActiveCfg = Release R26|Any CPU
		{1FF3BAFF-0D8A-4CCC-940C-A02540C10829}.Release R26|Any CPU.Build.0 = Release R26|Any CPU
		{1FF3BAFF-0D8A-4CCC-940C-A02540C10829}.Release R27|Any CPU.ActiveCfg = Release R27|Any CPU
		{1FF3BAFF-0D8A-4CCC-940C-A02540C10829}.Release R27|Any CPU.Build.0 = Release R27|Any CPU
	EndGlobalSection
	GlobalSection(NestedProjects) = preSolution
		{1A9F97B0-241E-4EDD-B531-4032B4DBCA9B} = {A2D75DFD-2A07-4EAE-B76C-36AA7930F254}
		{985A96DD-DC2E-4120-9964-DAAE8E587FAF} = {A2D75DFD-2A07-4EAE-B76C-36AA7930F254}
		{F2CD4652-1C30-48D9-B1F3-FF000B19B91F} = {A2D75DFD-2A07-4EAE-B76C-36AA7930F254}
		{1FF3BAFF-0D8A-4CCC-940C-A02540C10829} = {A2D75DFD-2A07-4EAE-B76C-36AA7930F254}
	EndGlobalSection
EndGlobal
